# THIS IS AN AUTOGENERATED FILE. DO NOT EDIT THIS FILE DIRECTLY.
# yarn lockfile v1


clear-any-console@^1.16.2:
  version "1.16.2"
  resolved "https://registry.yarnpkg.com/clear-any-console/-/clear-any-console-1.16.2.tgz#0543bb068da00151bf77b7a01ebf05d611086bb9"
  integrity sha512-OL/7wZpNy9x0GBSzz3poWja84Nr7iaH8aYNsJ5Uet2BVLj6Lm1zvWpZN/yH46Vv3ae7YfHmLLMmfHj911fshJg==
